// !$*UTF8*$!
{
	archiveVersion = 1;
	classes = {
	};
	objectVersion = 50;
	objects = {

/* Begin PBXBuildFile section */
		04E78E39248E3FD200057C08 /* AppDelegate.swift in Sources */ = {isa = PBXBuildFile; fileRef = 04E78E38248E3FD200057C08 /* AppDelegate.swift */; };
		04E78E3B248E3FD200057C08 /* SceneDelegate.swift in Sources */ = {isa = PBXBuildFile; fileRef = 04E78E3A248E3FD200057C08 /* SceneDelegate.swift */; };
		04E78E3D248E3FD200057C08 /* ContentView.swift in Sources */ = {isa = PBXBuildFile; fileRef = 04E78E3C248E3FD200057C08 /* ContentView.swift */; };
		04E78E3F248E3FD800057C08 /* Assets.xcassets in Resources */ = {isa = PBXBuildFile; fileRef = 04E78E3E248E3FD800057C08 /* Assets.xcassets */; };
		04E78E42248E3FD800057C08 /* Preview Assets.xcassets in Resources */ = {isa = PBXBuildFile; fileRef = 04E78E41248E3FD800057C08 /* Preview Assets.xcassets */; };
		04E78E45248E3FD800057C08 /* LaunchScreen.storyboard in Resources */ = {isa = PBXBuildFile; fileRef = 04E78E43248E3FD800057C08 /* LaunchScreen.storyboard */; };
/* End PBXBuildFile section */

/* Begin PBXFileReference section */
		04E78E35248E3FD200057C08 /* WeSplit (project 1).app */ = {isa = PBXFileReference; explicitFileType = wrapper.application; includeInIndex = 0; path = "WeSplit (project 1).app"; sourceTree = BUILT_PRODUCTS_DIR; };
		04E78E38248E3FD200057C08 /* AppDelegate.swift */ = {isa = PBXFileReference; lastKnownFileType = sourcecode.swift; path = AppDelegate.swift; sourceTree = "<group>"; };
		04E78E3A248E3FD200057C08 /* SceneDelegate.swift */ = {isa = PBXFileReference; lastKnownFileType = sourcecode.swift; path = SceneDelegate.swift; sourceTree = "<group>"; };
		04E78E3C248E3FD200057C08 /* ContentView.swift */ = {isa = PBXFileReference; lastKnownFileType = sourcecode.swift; path = ContentView.swift; sourceTree = "<group>"; };
		04E78E3E248E3FD800057C08 /* Assets.xcassets */ = {isa = PBXFileReference; lastKnownFileType = folder.assetcatalog; path = Assets.xcassets; sourceTree = "<group>"; };
		04E78E41248E3FD800057C08 /* Preview Assets.xcassets */ = {isa = PBXFileReference; lastKnownFileType = folder.assetcatalog; path = "Preview Assets.xcassets"; sourceTree = "<group>"; };
		04E78E44248E3FD800057C08 /* Base */ = {isa = PBXFileReference; lastKnownFileType = file.storyboard; name = Base; path = Base.lproj/LaunchScreen.storyboard; sourceTree = "<group>"; };
		04E78E46248E3FD800057C08 /* Info.plist */ = {isa = PBXFileReference; lastKnownFileType = text.plist.xml; path = Info.plist; sourceTree = "<group>"; };
/* End PBXFileReference section */

/* Begin PBXFrameworksBuildPhase section */
		04E78E32248E3FD200057C08 /* Frameworks */ = {
			isa = PBXFrameworksBuildPhase;
			buildActionMask = 2147483647;
			files = (
			);
			runOnlyForDeploymentPostprocessing = 0;
		};
/* End PBXFrameworksBuildPhase section */

/* Begin PBXGroup section */
		04E78E2C248E3FD200057C08 = {
			isa = PBXGroup;
			children = (
				04E78E37248E3FD200057C08 /* WeSplit (project 1) */,
				04E78E36248E3FD200057C08 /* Products */,
			);
			sourceTree = "<group>";
		};
		04E78E36248E3FD200057C08 /* Products */ = {
			isa = PBXGroup;
			children = (
				04E78E35248E3FD200057C08 /* WeSplit (project 1).app */,
			);
			name = Products;
			sourceTree = "<group>";
		};
		04E78E37248E3FD200057C08 /* WeSplit (project 1) */ = {
			isa = PBXGroup;
			children = (
				04E78E38248E3FD200057C08 /* AppDelegate.swift */,
				04E78E3A248E3FD200057C08 /* SceneDelegate.swift */,
				04E78E3C248E3FD200057C08 /* ContentView.swift */,
				04E78E3E248E3FD800057C08 /* Assets.xcassets */,
				04E78E43248E3FD800057C08 /* LaunchScreen.storyboard */,
				04E78E46248E3FD800057C08 /* Info.plist */,
				04E78E40248E3FD800057C08 /* Preview Content */,
			);
			path = "WeSplit (project 1)";
			sourceTree = "<group>";
		};
		04E78E40248E3FD800057C08 /* Preview Content */ = {
			isa = PBXGroup;
			children = (
				04E78E41248E3FD800057C08 /* Preview Assets.xcassets */,
			);
			path = "Preview Content";
			sourceTree = "<group>";
		};
/* End PBXGroup section */

/* Begin PBXNativeTarget section */
		04E78E34248E3FD200057C08 /* WeSplit (project 1) */ = {
			isa = PBXNativeTarget;
			buildConfigurationList = 04E78E49248E3FD800057C08 /* Build configuration list for PBXNativeTarget "WeSplit (project 1)" */;
			buildPhases = (
				04E78E31248E3FD200057C08 /* Sources */,
				04E78E32248E3FD200057C08 /* Frameworks */,
				04E78E33248E3FD200057C08 /* Resources */,
			);
			buildRules = (
			);
			dependencies = (
			);
			name = "WeSplit (project 1)";
			productName = "WeSplit (project 1)";
			productReference = 04E78E35248E3FD200057C08 /* WeSplit (project 1).app */;
			productType = "com.apple.product-type.application";
		};
/* End PBXNativeTarget section */

/* Begin PBXProject section */
		04E78E2D248E3FD200057C08 /* Project object */ = {
			isa = PBXProject;
			attributes = {
				LastSwiftUpdateCheck = 1150;
				LastUpgradeCheck = 1150;
				ORGANIZATIONNAME = "Gera Volobuev";
				TargetAttributes = {
					04E78E34248E3FD200057C08 = {
						CreatedOnToolsVersion = 11.5;
					};
				};
			};
			buildConfigurationList = 04E78E30248E3FD200057C08 /* Build configuration list for PBXProject "WeSplit (project 1)" */;
			compatibilityVersion = "Xcode 9.3";
			developmentRegion = en;
			hasScannedForEncodings = 0;
			knownRegions = (
				en,
				Base,
			);
			mainGroup = 04E78E2C248E3FD200057C08;
			productRefGroup = 04E78E36248E3FD200057C08 /* Products */;
			projectDirPath = "";
			projectRoot = "";
			targets = (
				04E78E34248E3FD200057C08 /* WeSplit (project 1) */,
			);
		};
/* End PBXProject section */

/* Begin PBXResourcesBuildPhase section */
		04E78E33248E3FD200057C08 /* Resources */ = {
			isa = PBXResourcesBuildPhase;
			buildActionMask = 2147483647;
			files = (
				04E78E45248E3FD800057C08 /* LaunchScreen.storyboard in Resources */,
				04E78E42248E3FD800057C08 /* Preview Assets.xcassets in Resources */,
				04E78E3F248E3FD800057C08 /* Assets.xcassets in Resources */,
			);
			runOnlyForDeploymentPostprocessing = 0;
		};
/* End PBXResourcesBuildPhase section */

/* Begin PBXSourcesBuildPhase section */
		04E78E31248E3FD200057C08 /* Sources */ = {
			isa = PBXSourcesBuildPhase;
			buildActionMask = 2147483647;
			files = (
				04E78E39248E3FD200057C08 /* AppDelegate.swift in Sources */,
				04E78E3B248E3FD200057C08 /* SceneDelegate.swift in Sources */,
				04E78E3D248E3FD200057C08 /* ContentView.swift in Sources */,
			);
			runOnlyForDeploymentPostprocessing = 0;
		};
/* End PBXSourcesBuildPhase section */

/* Begin PBXVariantGroup section */
		04E78E43248E3FD800057C08 /* LaunchScreen.storyboard */ = {
			isa = PBXVariantGroup;
			children = (
				04E78E44248E3FD800057C08 /* Base */,
			);
			name = LaunchScreen.storyboard;
			sourceTree = "<group>";
		};
/* End PBXVariantGroup section */

/* Begin XCBuildConfiguration section */
		04E78E47248E3FD800057C08 /* Debug */ = {
			isa = XCBuildConfiguration;
			buildSettings = {
				ALWAYS_SEARCH_USER_PATHS = NO;
				CLANG_ANALYZER_NONNULL = YES;
				CLANG_ANALYZER_NUMBER_OBJECT_CONVERSION = YES_AGGRESSIVE;
				CLANG_CXX_LANGUAGE_STANDARD = "gnu++14";
				CLANG_CXX_LIBRARY = "libc++";
				CLANG_ENABLE_MODULES = YES;
				CLANG_ENABLE_OBJC_ARC = YES;
				CLANG_ENABLE_OBJC_WEAK = YES;
				CLANG_WARN_BLOCK_CAPTURE_AUTORELEASING = YES;
				CLANG_WARN_BOOL_CONVERSION = YES;
				CLANG_WARN_COMMA = YES;
				CLANG_WARN_CONSTANT_CONVERSION = YES;
				CLANG_WARN_DEPRECATED_OBJC_IMPLEMENTATIONS = YES;
				CLANG_WARN_DIRECT_OBJC_ISA_USAGE = YES_ERROR;
				CLANG_WARN_DOCUMENTATION_COMMENTS = YES;
				CLANG_WARN_EMPTY_BODY = YES;
				CLANG_WARN_ENUM_CONVERSION = YES;
				CLANG_WARN_INFINITE_RECURSION = YES;
				CLANG_WARN_INT_CONVERSION = YES;
				CLANG_WARN_NON_LITERAL_NULL_CONVERSION = YES;
				CLANG_WARN_OBJC_IMPLICIT_RETAIN_SELF = YES;
				CLANG_WARN_OBJC_LITERAL_CONVERSION = YES;
				CLANG_WARN_OBJC_ROOT_CLASS = YES_ERROR;
				CLANG_WARN_RANGE_LOOP_ANALYSIS = YES;
				CLANG_WARN_STRICT_PROTOTYPES = YES;
				CLANG_WARN_SUSPICIOUS_MOVE = YES;
				CLANG_WARN_UNGUARDED_AVAILABILITY = YES_AGGRESSIVE;
				CLANG_WARN_UNREACHABLE_CODE = YES;
				CLANG_WARN__DUPLICATE_METHOD_MATCH = YES;
				COPY_PHASE_STRIP = NO;
				DEBUG_INFORMATION_FORMAT = dwarf;
				ENABLE_STRICT_OBJC_MSGSEND = YES;
				ENABLE_TESTABILITY = YES;
				GCC_C_LANGUAGE_STANDARD = gnu11;
				GCC_DYNAMIC_NO_PIC = NO;
				GCC_NO_COMMON_BLOCKS = YES;
				GCC_OPTIMIZATION_LEVEL = 0;
				GCC_PREPROCESSOR_DEFINITIONS = (
					"DEBUG=1",
					"$(inherited)",
				);
				GCC_WARN_64_TO_32_BIT_CONVERSION = YES;
				GCC_WARN_ABOUT_RETURN_TYPE = YES_ERROR;
				GCC_WARN_UNDECLARED_SELECTOR = YES;
				GCC_WARN_UNINITIALIZED_AUTOS = YES_AGGRESSIVE;
				GCC_WARN_UNUSED_FUNCTION = YES;
				GCC_WARN_UNUSED_VARIABLE = YES;
				IPHONEOS_DEPLOYMENT_TARGET = 13.5;
				MTL_ENABLE_DEBUG_INFO = INCLUDE_SOURCE;
				MTL_FAST_MATH = YES;
				ONLY_ACTIVE_ARCH = YES;
				SDKROOT = iphoneos;
				SWIFT_ACTIVE_COMPILATION_CONDITIONS = DEBUG;
				SWIFT_OPTIMIZATION_LEVEL = "-Onone";
			};
			name = Debug;
		};
		04E78E48248E3FD800057C08 /* Release */ = {
			isa = XCBuildConfiguration;
			buildSettings = {
				ALWAYS_SEARCH_USER_PATHS = NO;
				CLANG_ANALYZER_NONNULL = YES;
				CLANG_ANALYZER_NUMBER_OBJECT_CONVERSION = YES_AGGRESSIVE;
				CLANG_CXX_LANGUAGE_STANDARD = "gnu++14";
				CLANG_CXX_LIBRARY = "libc++";
				CLANG_ENABLE_MODULES = YES;
				CLANG_ENABLE_OBJC_ARC = YES;
				CLANG_ENABLE_OBJC_WEAK = YES;
				CLANG_WARN_BLOCK_CAPTURE_AUTORELEASING = YES;
				CLANG_WARN_BOOL_CONVERSION = YES;
				CLANG_WARN_COMMA = YES;
				CLANG_WARN_CONSTANT_CONVERSION = YES;
				CLANG_WARN_DEPRECATED_OBJC_IMPLEMENTATIONS = YES;
				CLANG_WARN_DIRECT_OBJC_ISA_USAGE = YES_ERROR;
				CLANG_WARN_DOCUMENTATION_COMMENTS = YES;
				CLANG_WARN_EMPTY_BODY = YES;
				CLANG_WARN_ENUM_CONVERSION = YES;
				CLANG_WARN_INFINITE_RECURSION = YES;
				CLANG_WARN_INT_CONVERSION = YES;
				CLANG_WARN_NON_LITERAL_NULL_CONVERSION = YES;
				CLANG_WARN_OBJC_IMPLICIT_RETAIN_SELF = YES;
				CLANG_WARN_OBJC_LITERAL_CONVERSION = YES;
				CLANG_WARN_OBJC_ROOT_CLASS = YES_ERROR;
				CLANG_WARN_RANGE_LOOP_ANALYSIS = YES;
				CLANG_WARN_STRICT_PROTOTYPES = YES;
				CLANG_WARN_SUSPICIOUS_MOVE = YES;
				CLANG_WARN_UNGUARDED_AVAILABILITY = YES_AGGRESSIVE;
				CLANG_WARN_UNREACHABLE_CODE = YES;
				CLANG_WARN__DUPLICATE_METHOD_MATCH = YES;
				COPY_PHASE_STRIP = NO;
				DEBUG_INFORMATION_FORMAT = "dwarf-with-dsym";
				ENABLE_NS_ASSERTIONS = NO;
				ENABLE_STRICT_OBJC_MSGSEND = YES;
				GCC_C_LANGUAGE_STANDARD = gnu11;
				GCC_NO_COMMON_BLOCKS = YES;
				GCC_WARN_64_TO_32_BIT_CONVERSION = YES;
				GCC_WARN_ABOUT_RETURN_TYPE = YES_ERROR;
				GCC_WARN_UNDECLARED_SELECTOR = YES;
				GCC_WARN_UNINITIALIZED_AUTOS = YES_AGGRESSIVE;
				GCC_WARN_UNUSED_FUNCTION = YES;
				GCC_WARN_UNUSED_VARIABLE = YES;
				IPHONEOS_DEPLOYMENT_TARGET = 13.5;
				MTL_ENABLE_DEBUG_INFO = NO;
				MTL_FAST_MATH = YES;
				SDKROOT = iphoneos;
				SWIFT_COMPILATION_MODE = wholemodule;
				SWIFT_OPTIMIZATION_LEVEL = "-O";
				VALIDATE_PRODUCT = YES;
			};
			name = Release;
		};
		04E78E4A248E3FD800057C08 /* Debug */ = {
			isa = XCBuildConfiguration;
			buildSettings = {
				ASSETCATALOG_COMPILER_APPICON_NAME = AppIcon;
				CODE_SIGN_STYLE = Automatic;
				DEVELOPMENT_ASSET_PATHS = "\"WeSplit (project 1)/Preview Content\"";
				DEVELOPMENT_TEAM = PW6HFQMW7T;
				ENABLE_PREVIEWS = YES;
				INFOPLIST_FILE = "WeSplit (project 1)/Info.plist";
				LD_RUNPATH_SEARCH_PATHS = (
					"$(inherited)",
					"@executable_path/Frameworks",
				);
				PRODUCT_BUNDLE_IDENTIFIER = "com.example.WeSplit--project-1-";
				PRODUCT_NAME = "$(TARGET_NAME)";
				SWIFT_VERSION = 5.0;
				TARGETED_DEVICE_FAMILY = "1,2";
			};
			name = Debug;
		};
		04E78E4B248E3FD800057C08 /* Release */ = {
			isa = XCBuildConfiguration;
			buildSettings = {
				ASSETCATALOG_COMPILER_APPICON_NAME = AppIcon;
				CODE_SIGN_STYLE = Automatic;
				DEVELOPMENT_ASSET_PATHS = "\"WeSplit (project 1)/Preview Content\"";
				DEVELOPMENT_TEAM = PW6HFQMW7T;
				ENABLE_PREVIEWS = YES;
				INFOPLIST_FILE = "WeSplit (project 1)/Info.plist";
				LD_RUNPATH_SEARCH_PATHS = (
					"$(inherited)",
					"@executable_path/Frameworks",
				);
				PRODUCT_BUNDLE_IDENTIFIER = "com.example.WeSplit--project-1-";
				PRODUCT_NAME = "$(TARGET_NAME)";
				SWIFT_VERSION = 5.0;
				TARGETED_DEVICE_FAMILY = "1,2";
			};
			name = Release;
		};
/* End XCBuildConfiguration section */

/* Begin XCConfigurationList section */
		04E78E30248E3FD200057C08 /* Build configuration list for PBXProject "WeSplit (project 1)" */ = {
			isa = XCConfigurationList;
			buildConfigurations = (
				04E78E47248E3FD800057C08 /* Debug */,
				04E78E48248E3FD800057C08 /* Release */,
			);
			defaultConfigurationIsVisible = 0;
			defaultConfigurationName = Release;
		};
		04E78E49248E3FD800057C08 /* Build configuration list for PBXNativeTarget "WeSplit (project 1)" */ = {
			isa = XCConfigurationList;
			buildConfigurations = (
				04E78E4A248E3FD800057C08 /* Debug */,
				04E78E4B248E3FD800057C08 /* Release */,
			);
			defaultConfigurationIsVisible = 0;
			defaultConfigurationName = Release;
		};
/* End XCConfigurationList section */
	};
	rootObject = 04E78E2D248E3FD200057C08 /* Project object */;
}
