// !$*UTF8*$!
{
	archiveVersion = 1;
	classes = {
	};
	objectVersion = 50;
	objects = {

/* Begin PBXBuildFile section */
		041E466924AF43F000615AC1 /* AppDelegate.swift in Sources */ = {isa = PBXBuildFile; fileRef = 041E466824AF43F000615AC1 /* AppDelegate.swift */; };
		041E466B24AF43F000615AC1 /* SceneDelegate.swift in Sources */ = {isa = PBXBuildFile; fileRef = 041E466A24AF43F000615AC1 /* SceneDelegate.swift */; };
		041E466D24AF43F000615AC1 /* ContentView.swift in Sources */ = {isa = PBXBuildFile; fileRef = 041E466C24AF43F000615AC1 /* ContentView.swift */; };
		041E466F24AF43F600615AC1 /* Assets.xcassets in Resources */ = {isa = PBXBuildFile; fileRef = 041E466E24AF43F600615AC1 /* Assets.xcassets */; };
		041E467224AF43F600615AC1 /* Preview Assets.xcassets in Resources */ = {isa = PBXBuildFile; fileRef = 041E467124AF43F600615AC1 /* Preview Assets.xcassets */; };
		041E467524AF43F600615AC1 /* LaunchScreen.storyboard in Resources */ = {isa = PBXBuildFile; fileRef = 041E467324AF43F600615AC1 /* LaunchScreen.storyboard */; };
		045DBE4324B1F24B00936AAE /* astronauts.json in Resources */ = {isa = PBXBuildFile; fileRef = 045DBE4124B1F24B00936AAE /* astronauts.json */; };
		045DBE4424B1F24B00936AAE /* missions.json in Resources */ = {isa = PBXBuildFile; fileRef = 045DBE4224B1F24B00936AAE /* missions.json */; };
		045DBE4624B1F27800936AAE /* Astronaut.swift in Sources */ = {isa = PBXBuildFile; fileRef = 045DBE4524B1F27800936AAE /* Astronaut.swift */; };
		045DBE4824B1F2DA00936AAE /* Bundle-Decodable.swift in Sources */ = {isa = PBXBuildFile; fileRef = 045DBE4724B1F2DA00936AAE /* Bundle-Decodable.swift */; };
		045DBE4A24B1F45800936AAE /* Mission.swift in Sources */ = {isa = PBXBuildFile; fileRef = 045DBE4924B1F45800936AAE /* Mission.swift */; };
		0499653324B4523A0053F903 /* MissionView.swift in Sources */ = {isa = PBXBuildFile; fileRef = 0499653224B4523A0053F903 /* MissionView.swift */; };
		0499653524B463C10053F903 /* AstronautView.swift in Sources */ = {isa = PBXBuildFile; fileRef = 0499653424B463C10053F903 /* AstronautView.swift */; };
/* End PBXBuildFile section */

/* Begin PBXFileReference section */
		041E466524AF43F000615AC1 /* Moonshot (project 8).app */ = {isa = PBXFileReference; explicitFileType = wrapper.application; includeInIndex = 0; path = "Moonshot (project 8).app"; sourceTree = BUILT_PRODUCTS_DIR; };
		041E466824AF43F000615AC1 /* AppDelegate.swift */ = {isa = PBXFileReference; lastKnownFileType = sourcecode.swift; path = AppDelegate.swift; sourceTree = "<group>"; };
		041E466A24AF43F000615AC1 /* SceneDelegate.swift */ = {isa = PBXFileReference; lastKnownFileType = sourcecode.swift; path = SceneDelegate.swift; sourceTree = "<group>"; };
		041E466C24AF43F000615AC1 /* ContentView.swift */ = {isa = PBXFileReference; lastKnownFileType = sourcecode.swift; path = ContentView.swift; sourceTree = "<group>"; };
		041E466E24AF43F600615AC1 /* Assets.xcassets */ = {isa = PBXFileReference; lastKnownFileType = folder.assetcatalog; path = Assets.xcassets; sourceTree = "<group>"; };
		041E467124AF43F600615AC1 /* Preview Assets.xcassets */ = {isa = PBXFileReference; lastKnownFileType = folder.assetcatalog; path = "Preview Assets.xcassets"; sourceTree = "<group>"; };
		041E467424AF43F600615AC1 /* Base */ = {isa = PBXFileReference; lastKnownFileType = file.storyboard; name = Base; path = Base.lproj/LaunchScreen.storyboard; sourceTree = "<group>"; };
		041E467624AF43F600615AC1 /* Info.plist */ = {isa = PBXFileReference; lastKnownFileType = text.plist.xml; path = Info.plist; sourceTree = "<group>"; };
		045DBE4124B1F24B00936AAE /* astronauts.json */ = {isa = PBXFileReference; fileEncoding = 4; lastKnownFileType = text.json; name = astronauts.json; path = "../../MASTER/project8-files/astronauts.json"; sourceTree = "<group>"; };
		045DBE4224B1F24B00936AAE /* missions.json */ = {isa = PBXFileReference; fileEncoding = 4; lastKnownFileType = text.json; name = missions.json; path = "../../MASTER/project8-files/missions.json"; sourceTree = "<group>"; };
		045DBE4524B1F27800936AAE /* Astronaut.swift */ = {isa = PBXFileReference; lastKnownFileType = sourcecode.swift; path = Astronaut.swift; sourceTree = "<group>"; };
		045DBE4724B1F2DA00936AAE /* Bundle-Decodable.swift */ = {isa = PBXFileReference; lastKnownFileType = sourcecode.swift; path = "Bundle-Decodable.swift"; sourceTree = "<group>"; };
		045DBE4924B1F45800936AAE /* Mission.swift */ = {isa = PBXFileReference; lastKnownFileType = sourcecode.swift; path = Mission.swift; sourceTree = "<group>"; };
		0499653224B4523A0053F903 /* MissionView.swift */ = {isa = PBXFileReference; lastKnownFileType = sourcecode.swift; path = MissionView.swift; sourceTree = "<group>"; };
		0499653424B463C10053F903 /* AstronautView.swift */ = {isa = PBXFileReference; lastKnownFileType = sourcecode.swift; path = AstronautView.swift; sourceTree = "<group>"; };
/* End PBXFileReference section */

/* Begin PBXFrameworksBuildPhase section */
		041E466224AF43F000615AC1 /* Frameworks */ = {
			isa = PBXFrameworksBuildPhase;
			buildActionMask = 2147483647;
			files = (
			);
			runOnlyForDeploymentPostprocessing = 0;
		};
/* End PBXFrameworksBuildPhase section */

/* Begin PBXGroup section */
		041E465C24AF43F000615AC1 = {
			isa = PBXGroup;
			children = (
				041E466724AF43F000615AC1 /* Moonshot (project 8) */,
				041E466624AF43F000615AC1 /* Products */,
			);
			sourceTree = "<group>";
		};
		041E466624AF43F000615AC1 /* Products */ = {
			isa = PBXGroup;
			children = (
				041E466524AF43F000615AC1 /* Moonshot (project 8).app */,
			);
			name = Products;
			sourceTree = "<group>";
		};
		041E466724AF43F000615AC1 /* Moonshot (project 8) */ = {
			isa = PBXGroup;
			children = (
				041E466824AF43F000615AC1 /* AppDelegate.swift */,
				041E466A24AF43F000615AC1 /* SceneDelegate.swift */,
				041E466C24AF43F000615AC1 /* ContentView.swift */,
				0499653224B4523A0053F903 /* MissionView.swift */,
				0499653424B463C10053F903 /* AstronautView.swift */,
				045DBE4924B1F45800936AAE /* Mission.swift */,
				045DBE4524B1F27800936AAE /* Astronaut.swift */,
				045DBE4724B1F2DA00936AAE /* Bundle-Decodable.swift */,
				041E466E24AF43F600615AC1 /* Assets.xcassets */,
				041E467324AF43F600615AC1 /* LaunchScreen.storyboard */,
				041E467624AF43F600615AC1 /* Info.plist */,
				045DBE4124B1F24B00936AAE /* astronauts.json */,
				045DBE4224B1F24B00936AAE /* missions.json */,
				041E467024AF43F600615AC1 /* Preview Content */,
			);
			path = "Moonshot (project 8)";
			sourceTree = "<group>";
		};
		041E467024AF43F600615AC1 /* Preview Content */ = {
			isa = PBXGroup;
			children = (
				041E467124AF43F600615AC1 /* Preview Assets.xcassets */,
			);
			path = "Preview Content";
			sourceTree = "<group>";
		};
/* End PBXGroup section */

/* Begin PBXNativeTarget section */
		041E466424AF43F000615AC1 /* Moonshot (project 8) */ = {
			isa = PBXNativeTarget;
			buildConfigurationList = 041E467924AF43F600615AC1 /* Build configuration list for PBXNativeTarget "Moonshot (project 8)" */;
			buildPhases = (
				041E466124AF43F000615AC1 /* Sources */,
				041E466224AF43F000615AC1 /* Frameworks */,
				041E466324AF43F000615AC1 /* Resources */,
			);
			buildRules = (
			);
			dependencies = (
			);
			name = "Moonshot (project 8)";
			productName = "Moonshot (project 8)";
			productReference = 041E466524AF43F000615AC1 /* Moonshot (project 8).app */;
			productType = "com.apple.product-type.application";
		};
/* End PBXNativeTarget section */

/* Begin PBXProject section */
		041E465D24AF43F000615AC1 /* Project object */ = {
			isa = PBXProject;
			attributes = {
				LastSwiftUpdateCheck = 1150;
				LastUpgradeCheck = 1150;
				ORGANIZATIONNAME = "Gera Volobuev";
				TargetAttributes = {
					041E466424AF43F000615AC1 = {
						CreatedOnToolsVersion = 11.5;
					};
				};
			};
			buildConfigurationList = 041E466024AF43F000615AC1 /* Build configuration list for PBXProject "Moonshot (project 8)" */;
			compatibilityVersion = "Xcode 9.3";
			developmentRegion = en;
			hasScannedForEncodings = 0;
			knownRegions = (
				en,
				Base,
			);
			mainGroup = 041E465C24AF43F000615AC1;
			productRefGroup = 041E466624AF43F000615AC1 /* Products */;
			projectDirPath = "";
			projectRoot = "";
			targets = (
				041E466424AF43F000615AC1 /* Moonshot (project 8) */,
			);
		};
/* End PBXProject section */

/* Begin PBXResourcesBuildPhase section */
		041E466324AF43F000615AC1 /* Resources */ = {
			isa = PBXResourcesBuildPhase;
			buildActionMask = 2147483647;
			files = (
				041E467524AF43F600615AC1 /* LaunchScreen.storyboard in Resources */,
				045DBE4424B1F24B00936AAE /* missions.json in Resources */,
				041E467224AF43F600615AC1 /* Preview Assets.xcassets in Resources */,
				041E466F24AF43F600615AC1 /* Assets.xcassets in Resources */,
				045DBE4324B1F24B00936AAE /* astronauts.json in Resources */,
			);
			runOnlyForDeploymentPostprocessing = 0;
		};
/* End PBXResourcesBuildPhase section */

/* Begin PBXSourcesBuildPhase section */
		041E466124AF43F000615AC1 /* Sources */ = {
			isa = PBXSourcesBuildPhase;
			buildActionMask = 2147483647;
			files = (
				0499653324B4523A0053F903 /* MissionView.swift in Sources */,
				045DBE4A24B1F45800936AAE /* Mission.swift in Sources */,
				0499653524B463C10053F903 /* AstronautView.swift in Sources */,
				041E466924AF43F000615AC1 /* AppDelegate.swift in Sources */,
				041E466B24AF43F000615AC1 /* SceneDelegate.swift in Sources */,
				045DBE4824B1F2DA00936AAE /* Bundle-Decodable.swift in Sources */,
				041E466D24AF43F000615AC1 /* ContentView.swift in Sources */,
				045DBE4624B1F27800936AAE /* Astronaut.swift in Sources */,
			);
			runOnlyForDeploymentPostprocessing = 0;
		};
/* End PBXSourcesBuildPhase section */

/* Begin PBXVariantGroup section */
		041E467324AF43F600615AC1 /* LaunchScreen.storyboard */ = {
			isa = PBXVariantGroup;
			children = (
				041E467424AF43F600615AC1 /* Base */,
			);
			name = LaunchScreen.storyboard;
			sourceTree = "<group>";
		};
/* End PBXVariantGroup section */

/* Begin XCBuildConfiguration section */
		041E467724AF43F600615AC1 /* Debug */ = {
			isa = XCBuildConfiguration;
			buildSettings = {
				ALWAYS_SEARCH_USER_PATHS = NO;
				CLANG_ANALYZER_NONNULL = YES;
				CLANG_ANALYZER_NUMBER_OBJECT_CONVERSION = YES_AGGRESSIVE;
				CLANG_CXX_LANGUAGE_STANDARD = "gnu++14";
				CLANG_CXX_LIBRARY = "libc++";
				CLANG_ENABLE_MODULES = YES;
				CLANG_ENABLE_OBJC_ARC = YES;
				CLANG_ENABLE_OBJC_WEAK = YES;
				CLANG_WARN_BLOCK_CAPTURE_AUTORELEASING = YES;
				CLANG_WARN_BOOL_CONVERSION = YES;
				CLANG_WARN_COMMA = YES;
				CLANG_WARN_CONSTANT_CONVERSION = YES;
				CLANG_WARN_DEPRECATED_OBJC_IMPLEMENTATIONS = YES;
				CLANG_WARN_DIRECT_OBJC_ISA_USAGE = YES_ERROR;
				CLANG_WARN_DOCUMENTATION_COMMENTS = YES;
				CLANG_WARN_EMPTY_BODY = YES;
				CLANG_WARN_ENUM_CONVERSION = YES;
				CLANG_WARN_INFINITE_RECURSION = YES;
				CLANG_WARN_INT_CONVERSION = YES;
				CLANG_WARN_NON_LITERAL_NULL_CONVERSION = YES;
				CLANG_WARN_OBJC_IMPLICIT_RETAIN_SELF = YES;
				CLANG_WARN_OBJC_LITERAL_CONVERSION = YES;
				CLANG_WARN_OBJC_ROOT_CLASS = YES_ERROR;
				CLANG_WARN_RANGE_LOOP_ANALYSIS = YES;
				CLANG_WARN_STRICT_PROTOTYPES = YES;
				CLANG_WARN_SUSPICIOUS_MOVE = YES;
				CLANG_WARN_UNGUARDED_AVAILABILITY = YES_AGGRESSIVE;
				CLANG_WARN_UNREACHABLE_CODE = YES;
				CLANG_WARN__DUPLICATE_METHOD_MATCH = YES;
				COPY_PHASE_STRIP = NO;
				DEBUG_INFORMATION_FORMAT = dwarf;
				ENABLE_STRICT_OBJC_MSGSEND = YES;
				ENABLE_TESTABILITY = YES;
				GCC_C_LANGUAGE_STANDARD = gnu11;
				GCC_DYNAMIC_NO_PIC = NO;
				GCC_NO_COMMON_BLOCKS = YES;
				GCC_OPTIMIZATION_LEVEL = 0;
				GCC_PREPROCESSOR_DEFINITIONS = (
					"DEBUG=1",
					"$(inherited)",
				);
				GCC_WARN_64_TO_32_BIT_CONVERSION = YES;
				GCC_WARN_ABOUT_RETURN_TYPE = YES_ERROR;
				GCC_WARN_UNDECLARED_SELECTOR = YES;
				GCC_WARN_UNINITIALIZED_AUTOS = YES_AGGRESSIVE;
				GCC_WARN_UNUSED_FUNCTION = YES;
				GCC_WARN_UNUSED_VARIABLE = YES;
				IPHONEOS_DEPLOYMENT_TARGET = 13.5;
				MTL_ENABLE_DEBUG_INFO = INCLUDE_SOURCE;
				MTL_FAST_MATH = YES;
				ONLY_ACTIVE_ARCH = YES;
				SDKROOT = iphoneos;
				SWIFT_ACTIVE_COMPILATION_CONDITIONS = DEBUG;
				SWIFT_OPTIMIZATION_LEVEL = "-Onone";
			};
			name = Debug;
		};
		041E467824AF43F600615AC1 /* Release */ = {
			isa = XCBuildConfiguration;
			buildSettings = {
				ALWAYS_SEARCH_USER_PATHS = NO;
				CLANG_ANALYZER_NONNULL = YES;
				CLANG_ANALYZER_NUMBER_OBJECT_CONVERSION = YES_AGGRESSIVE;
				CLANG_CXX_LANGUAGE_STANDARD = "gnu++14";
				CLANG_CXX_LIBRARY = "libc++";
				CLANG_ENABLE_MODULES = YES;
				CLANG_ENABLE_OBJC_ARC = YES;
				CLANG_ENABLE_OBJC_WEAK = YES;
				CLANG_WARN_BLOCK_CAPTURE_AUTORELEASING = YES;
				CLANG_WARN_BOOL_CONVERSION = YES;
				CLANG_WARN_COMMA = YES;
				CLANG_WARN_CONSTANT_CONVERSION = YES;
				CLANG_WARN_DEPRECATED_OBJC_IMPLEMENTATIONS = YES;
				CLANG_WARN_DIRECT_OBJC_ISA_USAGE = YES_ERROR;
				CLANG_WARN_DOCUMENTATION_COMMENTS = YES;
				CLANG_WARN_EMPTY_BODY = YES;
				CLANG_WARN_ENUM_CONVERSION = YES;
				CLANG_WARN_INFINITE_RECURSION = YES;
				CLANG_WARN_INT_CONVERSION = YES;
				CLANG_WARN_NON_LITERAL_NULL_CONVERSION = YES;
				CLANG_WARN_OBJC_IMPLICIT_RETAIN_SELF = YES;
				CLANG_WARN_OBJC_LITERAL_CONVERSION = YES;
				CLANG_WARN_OBJC_ROOT_CLASS = YES_ERROR;
				CLANG_WARN_RANGE_LOOP_ANALYSIS = YES;
				CLANG_WARN_STRICT_PROTOTYPES = YES;
				CLANG_WARN_SUSPICIOUS_MOVE = YES;
				CLANG_WARN_UNGUARDED_AVAILABILITY = YES_AGGRESSIVE;
				CLANG_WARN_UNREACHABLE_CODE = YES;
				CLANG_WARN__DUPLICATE_METHOD_MATCH = YES;
				COPY_PHASE_STRIP = NO;
				DEBUG_INFORMATION_FORMAT = "dwarf-with-dsym";
				ENABLE_NS_ASSERTIONS = NO;
				ENABLE_STRICT_OBJC_MSGSEND = YES;
				GCC_C_LANGUAGE_STANDARD = gnu11;
				GCC_NO_COMMON_BLOCKS = YES;
				GCC_WARN_64_TO_32_BIT_CONVERSION = YES;
				GCC_WARN_ABOUT_RETURN_TYPE = YES_ERROR;
				GCC_WARN_UNDECLARED_SELECTOR = YES;
				GCC_WARN_UNINITIALIZED_AUTOS = YES_AGGRESSIVE;
				GCC_WARN_UNUSED_FUNCTION = YES;
				GCC_WARN_UNUSED_VARIABLE = YES;
				IPHONEOS_DEPLOYMENT_TARGET = 13.5;
				MTL_ENABLE_DEBUG_INFO = NO;
				MTL_FAST_MATH = YES;
				SDKROOT = iphoneos;
				SWIFT_COMPILATION_MODE = wholemodule;
				SWIFT_OPTIMIZATION_LEVEL = "-O";
				VALIDATE_PRODUCT = YES;
			};
			name = Release;
		};
		041E467A24AF43F600615AC1 /* Debug */ = {
			isa = XCBuildConfiguration;
			buildSettings = {
				ASSETCATALOG_COMPILER_APPICON_NAME = AppIcon;
				CODE_SIGN_STYLE = Automatic;
				DEVELOPMENT_ASSET_PATHS = "\"Moonshot (project 8)/Preview Content\"";
				DEVELOPMENT_TEAM = PW6HFQMW7T;
				ENABLE_PREVIEWS = YES;
				INFOPLIST_FILE = "Moonshot (project 8)/Info.plist";
				LD_RUNPATH_SEARCH_PATHS = (
					"$(inherited)",
					"@executable_path/Frameworks",
				);
				PRODUCT_BUNDLE_IDENTIFIER = "com.example.Moonshot--project-8-";
				PRODUCT_NAME = "$(TARGET_NAME)";
				SWIFT_VERSION = 5.0;
				TARGETED_DEVICE_FAMILY = "1,2";
			};
			name = Debug;
		};
		041E467B24AF43F600615AC1 /* Release */ = {
			isa = XCBuildConfiguration;
			buildSettings = {
				ASSETCATALOG_COMPILER_APPICON_NAME = AppIcon;
				CODE_SIGN_STYLE = Automatic;
				DEVELOPMENT_ASSET_PATHS = "\"Moonshot (project 8)/Preview Content\"";
				DEVELOPMENT_TEAM = PW6HFQMW7T;
				ENABLE_PREVIEWS = YES;
				INFOPLIST_FILE = "Moonshot (project 8)/Info.plist";
				LD_RUNPATH_SEARCH_PATHS = (
					"$(inherited)",
					"@executable_path/Frameworks",
				);
				PRODUCT_BUNDLE_IDENTIFIER = "com.example.Moonshot--project-8-";
				PRODUCT_NAME = "$(TARGET_NAME)";
				SWIFT_VERSION = 5.0;
				TARGETED_DEVICE_FAMILY = "1,2";
			};
			name = Release;
		};
/* End XCBuildConfiguration section */

/* Begin XCConfigurationList section */
		041E466024AF43F000615AC1 /* Build configuration list for PBXProject "Moonshot (project 8)" */ = {
			isa = XCConfigurationList;
			buildConfigurations = (
				041E467724AF43F600615AC1 /* Debug */,
				041E467824AF43F600615AC1 /* Release */,
			);
			defaultConfigurationIsVisible = 0;
			defaultConfigurationName = Release;
		};
		041E467924AF43F600615AC1 /* Build configuration list for PBXNativeTarget "Moonshot (project 8)" */ = {
			isa = XCConfigurationList;
			buildConfigurations = (
				041E467A24AF43F600615AC1 /* Debug */,
				041E467B24AF43F600615AC1 /* Release */,
			);
			defaultConfigurationIsVisible = 0;
			defaultConfigurationName = Release;
		};
/* End XCConfigurationList section */
	};
	rootObject = 041E465D24AF43F000615AC1 /* Project object */;
}
